// !$*UTF8*$!
{
	archiveVersion = 1;
	classes = {
	};
	objectVersion = 50;
	objects = {

/* Begin PBXBuildFile section */
		4218AC3224C1949E00825C82 /* NetworkService.swift in Sources */ = {isa = PBXBuildFile; fileRef = 4218AC3124C1949E00825C82 /* NetworkService.swift */; };
		4218AC3524C1E33A00825C82 /* Model.swift in Sources */ = {isa = PBXBuildFile; fileRef = 4218AC3424C1E33A00825C82 /* Model.swift */; };
		42A5163D24C0B9860046799D /* AppDelegate.swift in Sources */ = {isa = PBXBuildFile; fileRef = 42A5163C24C0B9860046799D /* AppDelegate.swift */; };
		42A5163F24C0B9860046799D /* SceneDelegate.swift in Sources */ = {isa = PBXBuildFile; fileRef = 42A5163E24C0B9860046799D /* SceneDelegate.swift */; };
		42A5164424C0B9860046799D /* Main.storyboard in Resources */ = {isa = PBXBuildFile; fileRef = 42A5164224C0B9860046799D /* Main.storyboard */; };
		42A5164624C0B9880046799D /* Assets.xcassets in Resources */ = {isa = PBXBuildFile; fileRef = 42A5164524C0B9880046799D /* Assets.xcassets */; };
		42A5164924C0B9880046799D /* LaunchScreen.storyboard in Resources */ = {isa = PBXBuildFile; fileRef = 42A5164724C0B9880046799D /* LaunchScreen.storyboard */; };
		42A5165424C0B9880046799D /* TestProgectMVPTests.swift in Sources */ = {isa = PBXBuildFile; fileRef = 42A5165324C0B9880046799D /* TestProgectMVPTests.swift */; };
		42A5165F24C0B9880046799D /* TestProgectMVPUITests.swift in Sources */ = {isa = PBXBuildFile; fileRef = 42A5165E24C0B9880046799D /* TestProgectMVPUITests.swift */; };
		42A5167024C0BC080046799D /* JsonParseService.swift in Sources */ = {isa = PBXBuildFile; fileRef = 42A5166F24C0BC080046799D /* JsonParseService.swift */; };
		42A5167224C0BD8E0046799D /* MainViewController.swift in Sources */ = {isa = PBXBuildFile; fileRef = 42A5167124C0BD8E0046799D /* MainViewController.swift */; };
		42A5167424C0BDA10046799D /* MainPresenter.swift in Sources */ = {isa = PBXBuildFile; fileRef = 42A5167324C0BDA10046799D /* MainPresenter.swift */; };
		42A5167724C0C2100046799D /* MainViewController.xib in Resources */ = {isa = PBXBuildFile; fileRef = 42A5167624C0C2100046799D /* MainViewController.xib */; };
		42A5167924C0C4E60046799D /* ModuleBuilder.swift in Sources */ = {isa = PBXBuildFile; fileRef = 42A5167824C0C4E60046799D /* ModuleBuilder.swift */; };
/* End PBXBuildFile section */

/* Begin PBXContainerItemProxy section */
		42A5165024C0B9880046799D /* PBXContainerItemProxy */ = {
			isa = PBXContainerItemProxy;
			containerPortal = 42A5163124C0B9860046799D /* Project object */;
			proxyType = 1;
			remoteGlobalIDString = 42A5163824C0B9860046799D;
			remoteInfo = TestProgectMVP;
		};
		42A5165B24C0B9880046799D /* PBXContainerItemProxy */ = {
			isa = PBXContainerItemProxy;
			containerPortal = 42A5163124C0B9860046799D /* Project object */;
			proxyType = 1;
			remoteGlobalIDString = 42A5163824C0B9860046799D;
			remoteInfo = TestProgectMVP;
		};
/* End PBXContainerItemProxy section */

/* Begin PBXFileReference section */
		4218AC3124C1949E00825C82 /* NetworkService.swift */ = {isa = PBXFileReference; lastKnownFileType = sourcecode.swift; path = NetworkService.swift; sourceTree = "<group>"; };
		4218AC3424C1E33A00825C82 /* Model.swift */ = {isa = PBXFileReference; lastKnownFileType = sourcecode.swift; path = Model.swift; sourceTree = "<group>"; };
		42A5163924C0B9860046799D /* TestProgectMVP.app */ = {isa = PBXFileReference; explicitFileType = wrapper.application; includeInIndex = 0; path = TestProgectMVP.app; sourceTree = BUILT_PRODUCTS_DIR; };
		42A5163C24C0B9860046799D /* AppDelegate.swift */ = {isa = PBXFileReference; lastKnownFileType = sourcecode.swift; path = AppDelegate.swift; sourceTree = "<group>"; };
		42A5163E24C0B9860046799D /* SceneDelegate.swift */ = {isa = PBXFileReference; lastKnownFileType = sourcecode.swift; path = SceneDelegate.swift; sourceTree = "<group>"; };
		42A5164324C0B9860046799D /* Base */ = {isa = PBXFileReference; lastKnownFileType = file.storyboard; name = Base; path = Base.lproj/Main.storyboard; sourceTree = "<group>"; };
		42A5164524C0B9880046799D /* Assets.xcassets */ = {isa = PBXFileReference; lastKnownFileType = folder.assetcatalog; path = Assets.xcassets; sourceTree = "<group>"; };
		42A5164824C0B9880046799D /* Base */ = {isa = PBXFileReference; lastKnownFileType = file.storyboard; name = Base; path = Base.lproj/LaunchScreen.storyboard; sourceTree = "<group>"; };
		42A5164A24C0B9880046799D /* Info.plist */ = {isa = PBXFileReference; lastKnownFileType = text.plist.xml; path = Info.plist; sourceTree = "<group>"; };
		42A5164F24C0B9880046799D /* TestProgectMVPTests.xctest */ = {isa = PBXFileReference; explicitFileType = wrapper.cfbundle; includeInIndex = 0; path = TestProgectMVPTests.xctest; sourceTree = BUILT_PRODUCTS_DIR; };
		42A5165324C0B9880046799D /* TestProgectMVPTests.swift */ = {isa = PBXFileReference; lastKnownFileType = sourcecode.swift; path = TestProgectMVPTests.swift; sourceTree = "<group>"; };
		42A5165524C0B9880046799D /* Info.plist */ = {isa = PBXFileReference; lastKnownFileType = text.plist.xml; path = Info.plist; sourceTree = "<group>"; };
		42A5165A24C0B9880046799D /* TestProgectMVPUITests.xctest */ = {isa = PBXFileReference; explicitFileType = wrapper.cfbundle; includeInIndex = 0; path = TestProgectMVPUITests.xctest; sourceTree = BUILT_PRODUCTS_DIR; };
		42A5165E24C0B9880046799D /* TestProgectMVPUITests.swift */ = {isa = PBXFileReference; lastKnownFileType = sourcecode.swift; path = TestProgectMVPUITests.swift; sourceTree = "<group>"; };
		42A5166024C0B9880046799D /* Info.plist */ = {isa = PBXFileReference; lastKnownFileType = text.plist.xml; path = Info.plist; sourceTree = "<group>"; };
		42A5166F24C0BC080046799D /* JsonParseService.swift */ = {isa = PBXFileReference; lastKnownFileType = sourcecode.swift; path = JsonParseService.swift; sourceTree = "<group>"; };
		42A5167124C0BD8E0046799D /* MainViewController.swift */ = {isa = PBXFileReference; lastKnownFileType = sourcecode.swift; path = MainViewController.swift; sourceTree = "<group>"; };
		42A5167324C0BDA10046799D /* MainPresenter.swift */ = {isa = PBXFileReference; lastKnownFileType = sourcecode.swift; path = MainPresenter.swift; sourceTree = "<group>"; };
		42A5167624C0C2100046799D /* MainViewController.xib */ = {isa = PBXFileReference; lastKnownFileType = file.xib; path = MainViewController.xib; sourceTree = "<group>"; };
		42A5167824C0C4E60046799D /* ModuleBuilder.swift */ = {isa = PBXFileReference; lastKnownFileType = sourcecode.swift; path = ModuleBuilder.swift; sourceTree = "<group>"; };
/* End PBXFileReference section */

/* Begin PBXFrameworksBuildPhase section */
		42A5163624C0B9860046799D /* Frameworks */ = {
			isa = PBXFrameworksBuildPhase;
			buildActionMask = 2147483647;
			files = (
			);
			runOnlyForDeploymentPostprocessing = 0;
		};
		42A5164C24C0B9880046799D /* Frameworks */ = {
			isa = PBXFrameworksBuildPhase;
			buildActionMask = 2147483647;
			files = (
			);
			runOnlyForDeploymentPostprocessing = 0;
		};
		42A5165724C0B9880046799D /* Frameworks */ = {
			isa = PBXFrameworksBuildPhase;
			buildActionMask = 2147483647;
			files = (
			);
			runOnlyForDeploymentPostprocessing = 0;
		};
/* End PBXFrameworksBuildPhase section */

/* Begin PBXGroup section */
		4218AC3324C194A900825C82 /* Service */ = {
			isa = PBXGroup;
			children = (
				4218AC3124C1949E00825C82 /* NetworkService.swift */,
				42A5166F24C0BC080046799D /* JsonParseService.swift */,
			);
			name = Service;
			path = ..;
			sourceTree = "<group>";
		};
		42A5163024C0B9860046799D = {
			isa = PBXGroup;
			children = (
				42A5163B24C0B9860046799D /* TestProgectMVP */,
				42A5165224C0B9880046799D /* TestProgectMVPTests */,
				42A5165D24C0B9880046799D /* TestProgectMVPUITests */,
				42A5163A24C0B9860046799D /* Products */,
			);
			sourceTree = "<group>";
		};
		42A5163A24C0B9860046799D /* Products */ = {
			isa = PBXGroup;
			children = (
				42A5163924C0B9860046799D /* TestProgectMVP.app */,
				42A5164F24C0B9880046799D /* TestProgectMVPTests.xctest */,
				42A5165A24C0B9880046799D /* TestProgectMVPUITests.xctest */,
			);
			name = Products;
			sourceTree = "<group>";
		};
		42A5163B24C0B9860046799D /* TestProgectMVP */ = {
			isa = PBXGroup;
			children = (
				42A5167524C0C1A40046799D /* MainView */,
				42A5163C24C0B9860046799D /* AppDelegate.swift */,
				42A5167824C0C4E60046799D /* ModuleBuilder.swift */,
				42A5163E24C0B9860046799D /* SceneDelegate.swift */,
				42A5164224C0B9860046799D /* Main.storyboard */,
				42A5164524C0B9880046799D /* Assets.xcassets */,
				42A5164724C0B9880046799D /* LaunchScreen.storyboard */,
				42A5164A24C0B9880046799D /* Info.plist */,
			);
			path = TestProgectMVP;
			sourceTree = "<group>";
		};
		42A5165224C0B9880046799D /* TestProgectMVPTests */ = {
			isa = PBXGroup;
			children = (
				42A5165324C0B9880046799D /* TestProgectMVPTests.swift */,
				42A5165524C0B9880046799D /* Info.plist */,
			);
			path = TestProgectMVPTests;
			sourceTree = "<group>";
		};
		42A5165D24C0B9880046799D /* TestProgectMVPUITests */ = {
			isa = PBXGroup;
			children = (
				42A5165E24C0B9880046799D /* TestProgectMVPUITests.swift */,
				42A5166024C0B9880046799D /* Info.plist */,
			);
			path = TestProgectMVPUITests;
			sourceTree = "<group>";
		};
		42A5166C24C0B9A60046799D /* Model */ = {
			isa = PBXGroup;
			children = (
				4218AC3424C1E33A00825C82 /* Model.swift */,
			);
			path = Model;
			sourceTree = "<group>";
		};
		42A5166D24C0B9BA0046799D /* VIew */ = {
			isa = PBXGroup;
			children = (
				42A5167124C0BD8E0046799D /* MainViewController.swift */,
				42A5167624C0C2100046799D /* MainViewController.xib */,
			);
			path = VIew;
			sourceTree = "<group>";
		};
		42A5166E24C0B9BF0046799D /* Presenter */ = {
			isa = PBXGroup;
			children = (
				42A5167324C0BDA10046799D /* MainPresenter.swift */,
			);
			path = Presenter;
			sourceTree = "<group>";
		};
		42A5167524C0C1A40046799D /* MainView */ = {
			isa = PBXGroup;
			children = (
				4218AC3324C194A900825C82 /* Service */,
				42A5166C24C0B9A60046799D /* Model */,
				42A5166D24C0B9BA0046799D /* VIew */,
				42A5166E24C0B9BF0046799D /* Presenter */,
			);
			path = MainView;
			sourceTree = "<group>";
		};
/* End PBXGroup section */

/* Begin PBXNativeTarget section */
		42A5163824C0B9860046799D /* TestProgectMVP */ = {
			isa = PBXNativeTarget;
			buildConfigurationList = 42A5166324C0B9880046799D /* Build configuration list for PBXNativeTarget "TestProgectMVP" */;
			buildPhases = (
				42A5163524C0B9860046799D /* Sources */,
				42A5163624C0B9860046799D /* Frameworks */,
				42A5163724C0B9860046799D /* Resources */,
			);
			buildRules = (
			);
			dependencies = (
			);
			name = TestProgectMVP;
			productName = TestProgectMVP;
			productReference = 42A5163924C0B9860046799D /* TestProgectMVP.app */;
			productType = "com.apple.product-type.application";
		};
		42A5164E24C0B9880046799D /* TestProgectMVPTests */ = {
			isa = PBXNativeTarget;
			buildConfigurationList = 42A5166624C0B9880046799D /* Build configuration list for PBXNativeTarget "TestProgectMVPTests" */;
			buildPhases = (
				42A5164B24C0B9880046799D /* Sources */,
				42A5164C24C0B9880046799D /* Frameworks */,
				42A5164D24C0B9880046799D /* Resources */,
			);
			buildRules = (
			);
			dependencies = (
				42A5165124C0B9880046799D /* PBXTargetDependency */,
			);
			name = TestProgectMVPTests;
			productName = TestProgectMVPTests;
			productReference = 42A5164F24C0B9880046799D /* TestProgectMVPTests.xctest */;
			productType = "com.apple.product-type.bundle.unit-test";
		};
		42A5165924C0B9880046799D /* TestProgectMVPUITests */ = {
			isa = PBXNativeTarget;
			buildConfigurationList = 42A5166924C0B9880046799D /* Build configuration list for PBXNativeTarget "TestProgectMVPUITests" */;
			buildPhases = (
				42A5165624C0B9880046799D /* Sources */,
				42A5165724C0B9880046799D /* Frameworks */,
				42A5165824C0B9880046799D /* Resources */,
			);
			buildRules = (
			);
			dependencies = (
				42A5165C24C0B9880046799D /* PBXTargetDependency */,
			);
			name = TestProgectMVPUITests;
			productName = TestProgectMVPUITests;
			productReference = 42A5165A24C0B9880046799D /* TestProgectMVPUITests.xctest */;
			productType = "com.apple.product-type.bundle.ui-testing";
		};
/* End PBXNativeTarget section */

/* Begin PBXProject section */
		42A5163124C0B9860046799D /* Project object */ = {
			isa = PBXProject;
			attributes = {
				LastSwiftUpdateCheck = 1150;
				LastUpgradeCheck = 1150;
				ORGANIZATIONNAME = "Всеволод Андрющенко";
				TargetAttributes = {
					42A5163824C0B9860046799D = {
						CreatedOnToolsVersion = 11.5;
					};
					42A5164E24C0B9880046799D = {
						CreatedOnToolsVersion = 11.5;
						TestTargetID = 42A5163824C0B9860046799D;
					};
					42A5165924C0B9880046799D = {
						CreatedOnToolsVersion = 11.5;
						TestTargetID = 42A5163824C0B9860046799D;
					};
				};
			};
			buildConfigurationList = 42A5163424C0B9860046799D /* Build configuration list for PBXProject "TestProgectMVP" */;
			compatibilityVersion = "Xcode 9.3";
			developmentRegion = en;
			hasScannedForEncodings = 0;
			knownRegions = (
				en,
				Base,
			);
			mainGroup = 42A5163024C0B9860046799D;
			productRefGroup = 42A5163A24C0B9860046799D /* Products */;
			projectDirPath = "";
			projectRoot = "";
			targets = (
				42A5163824C0B9860046799D /* TestProgectMVP */,
				42A5164E24C0B9880046799D /* TestProgectMVPTests */,
				42A5165924C0B9880046799D /* TestProgectMVPUITests */,
			);
		};
/* End PBXProject section */

/* Begin PBXResourcesBuildPhase section */
		42A5163724C0B9860046799D /* Resources */ = {
			isa = PBXResourcesBuildPhase;
			buildActionMask = 2147483647;
			files = (
				42A5164924C0B9880046799D /* LaunchScreen.storyboard in Resources */,
				42A5164624C0B9880046799D /* Assets.xcassets in Resources */,
				42A5164424C0B9860046799D /* Main.storyboard in Resources */,
				42A5167724C0C2100046799D /* MainViewController.xib in Resources */,
			);
			runOnlyForDeploymentPostprocessing = 0;
		};
		42A5164D24C0B9880046799D /* Resources */ = {
			isa = PBXResourcesBuildPhase;
			buildActionMask = 2147483647;
			files = (
			);
			runOnlyForDeploymentPostprocessing = 0;
		};
		42A5165824C0B9880046799D /* Resources */ = {
			isa = PBXResourcesBuildPhase;
			buildActionMask = 2147483647;
			files = (
			);
			runOnlyForDeploymentPostprocessing = 0;
		};
/* End PBXResourcesBuildPhase section */

/* Begin PBXSourcesBuildPhase section */
		42A5163524C0B9860046799D /* Sources */ = {
			isa = PBXSourcesBuildPhase;
			buildActionMask = 2147483647;
			files = (
				42A5167424C0BDA10046799D /* MainPresenter.swift in Sources */,
				42A5167024C0BC080046799D /* JsonParseService.swift in Sources */,
				42A5163D24C0B9860046799D /* AppDelegate.swift in Sources */,
				42A5163F24C0B9860046799D /* SceneDelegate.swift in Sources */,
				42A5167224C0BD8E0046799D /* MainViewController.swift in Sources */,
				42A5167924C0C4E60046799D /* ModuleBuilder.swift in Sources */,
				4218AC3224C1949E00825C82 /* NetworkService.swift in Sources */,
				4218AC3524C1E33A00825C82 /* Model.swift in Sources */,
			);
			runOnlyForDeploymentPostprocessing = 0;
		};
		42A5164B24C0B9880046799D /* Sources */ = {
			isa = PBXSourcesBuildPhase;
			buildActionMask = 2147483647;
			files = (
				42A5165424C0B9880046799D /* TestProgectMVPTests.swift in Sources */,
			);
			runOnlyForDeploymentPostprocessing = 0;
		};
		42A5165624C0B9880046799D /* Sources */ = {
			isa = PBXSourcesBuildPhase;
			buildActionMask = 2147483647;
			files = (
				42A5165F24C0B9880046799D /* TestProgectMVPUITests.swift in Sources */,
			);
			runOnlyForDeploymentPostprocessing = 0;
		};
/* End PBXSourcesBuildPhase section */

/* Begin PBXTargetDependency section */
		42A5165124C0B9880046799D /* PBXTargetDependency */ = {
			isa = PBXTargetDependency;
			target = 42A5163824C0B9860046799D /* TestProgectMVP */;
			targetProxy = 42A5165024C0B9880046799D /* PBXContainerItemProxy */;
		};
		42A5165C24C0B9880046799D /* PBXTargetDependency */ = {
			isa = PBXTargetDependency;
			target = 42A5163824C0B9860046799D /* TestProgectMVP */;
			targetProxy = 42A5165B24C0B9880046799D /* PBXContainerItemProxy */;
		};
/* End PBXTargetDependency section */

/* Begin PBXVariantGroup section */
		42A5164224C0B9860046799D /* Main.storyboard */ = {
			isa = PBXVariantGroup;
			children = (
				42A5164324C0B9860046799D /* Base */,
			);
			name = Main.storyboard;
			sourceTree = "<group>";
		};
		42A5164724C0B9880046799D /* LaunchScreen.storyboard */ = {
			isa = PBXVariantGroup;
			children = (
				42A5164824C0B9880046799D /* Base */,
			);
			name = LaunchScreen.storyboard;
			sourceTree = "<group>";
		};
/* End PBXVariantGroup section */

/* Begin XCBuildConfiguration section */
		42A5166124C0B9880046799D /* Debug */ = {
			isa = XCBuildConfiguration;
			buildSettings = {
				ALWAYS_SEARCH_USER_PATHS = NO;
				CLANG_ANALYZER_NONNULL = YES;
				CLANG_ANALYZER_NUMBER_OBJECT_CONVERSION = YES_AGGRESSIVE;
				CLANG_CXX_LANGUAGE_STANDARD = "gnu++14";
				CLANG_CXX_LIBRARY = "libc++";
				CLANG_ENABLE_MODULES = YES;
				CLANG_ENABLE_OBJC_ARC = YES;
				CLANG_ENABLE_OBJC_WEAK = YES;
				CLANG_WARN_BLOCK_CAPTURE_AUTORELEASING = YES;
				CLANG_WARN_BOOL_CONVERSION = YES;
				CLANG_WARN_COMMA = YES;
				CLANG_WARN_CONSTANT_CONVERSION = YES;
				CLANG_WARN_DEPRECATED_OBJC_IMPLEMENTATIONS = YES;
				CLANG_WARN_DIRECT_OBJC_ISA_USAGE = YES_ERROR;
				CLANG_WARN_DOCUMENTATION_COMMENTS = YES;
				CLANG_WARN_EMPTY_BODY = YES;
				CLANG_WARN_ENUM_CONVERSION = YES;
				CLANG_WARN_INFINITE_RECURSION = YES;
				CLANG_WARN_INT_CONVERSION = YES;
				CLANG_WARN_NON_LITERAL_NULL_CONVERSION = YES;
				CLANG_WARN_OBJC_IMPLICIT_RETAIN_SELF = YES;
				CLANG_WARN_OBJC_LITERAL_CONVERSION = YES;
				CLANG_WARN_OBJC_ROOT_CLASS = YES_ERROR;
				CLANG_WARN_RANGE_LOOP_ANALYSIS = YES;
				CLANG_WARN_STRICT_PROTOTYPES = YES;
				CLANG_WARN_SUSPICIOUS_MOVE = YES;
				CLANG_WARN_UNGUARDED_AVAILABILITY = YES_AGGRESSIVE;
				CLANG_WARN_UNREACHABLE_CODE = YES;
				CLANG_WARN__DUPLICATE_METHOD_MATCH = YES;
				COPY_PHASE_STRIP = NO;
				DEBUG_INFORMATION_FORMAT = dwarf;
				ENABLE_STRICT_OBJC_MSGSEND = YES;
				ENABLE_TESTABILITY = YES;
				GCC_C_LANGUAGE_STANDARD = gnu11;
				GCC_DYNAMIC_NO_PIC = NO;
				GCC_NO_COMMON_BLOCKS = YES;
				GCC_OPTIMIZATION_LEVEL = 0;
				GCC_PREPROCESSOR_DEFINITIONS = (
					"DEBUG=1",
					"$(inherited)",
				);
				GCC_WARN_64_TO_32_BIT_CONVERSION = YES;
				GCC_WARN_ABOUT_RETURN_TYPE = YES_ERROR;
				GCC_WARN_UNDECLARED_SELECTOR = YES;
				GCC_WARN_UNINITIALIZED_AUTOS = YES_AGGRESSIVE;
				GCC_WARN_UNUSED_FUNCTION = YES;
				GCC_WARN_UNUSED_VARIABLE = YES;
				IPHONEOS_DEPLOYMENT_TARGET = 13.5;
				MTL_ENABLE_DEBUG_INFO = INCLUDE_SOURCE;
				MTL_FAST_MATH = YES;
				ONLY_ACTIVE_ARCH = YES;
				SDKROOT = iphoneos;
				SWIFT_ACTIVE_COMPILATION_CONDITIONS = DEBUG;
				SWIFT_OPTIMIZATION_LEVEL = "-Onone";
			};
			name = Debug;
		};
		42A5166224C0B9880046799D /* Release */ = {
			isa = XCBuildConfiguration;
			buildSettings = {
				ALWAYS_SEARCH_USER_PATHS = NO;
				CLANG_ANALYZER_NONNULL = YES;
				CLANG_ANALYZER_NUMBER_OBJECT_CONVERSION = YES_AGGRESSIVE;
				CLANG_CXX_LANGUAGE_STANDARD = "gnu++14";
				CLANG_CXX_LIBRARY = "libc++";
				CLANG_ENABLE_MODULES = YES;
				CLANG_ENABLE_OBJC_ARC = YES;
				CLANG_ENABLE_OBJC_WEAK = YES;
				CLANG_WARN_BLOCK_CAPTURE_AUTORELEASING = YES;
				CLANG_WARN_BOOL_CONVERSION = YES;
				CLANG_WARN_COMMA = YES;
				CLANG_WARN_CONSTANT_CONVERSION = YES;
				CLANG_WARN_DEPRECATED_OBJC_IMPLEMENTATIONS = YES;
				CLANG_WARN_DIRECT_OBJC_ISA_USAGE = YES_ERROR;
				CLANG_WARN_DOCUMENTATION_COMMENTS = YES;
				CLANG_WARN_EMPTY_BODY = YES;
				CLANG_WARN_ENUM_CONVERSION = YES;
				CLANG_WARN_INFINITE_RECURSION = YES;
				CLANG_WARN_INT_CONVERSION = YES;
				CLANG_WARN_NON_LITERAL_NULL_CONVERSION = YES;
				CLANG_WARN_OBJC_IMPLICIT_RETAIN_SELF = YES;
				CLANG_WARN_OBJC_LITERAL_CONVERSION = YES;
				CLANG_WARN_OBJC_ROOT_CLASS = YES_ERROR;
				CLANG_WARN_RANGE_LOOP_ANALYSIS = YES;
				CLANG_WARN_STRICT_PROTOTYPES = YES;
				CLANG_WARN_SUSPICIOUS_MOVE = YES;
				CLANG_WARN_UNGUARDED_AVAILABILITY = YES_AGGRESSIVE;
				CLANG_WARN_UNREACHABLE_CODE = YES;
				CLANG_WARN__DUPLICATE_METHOD_MATCH = YES;
				COPY_PHASE_STRIP = NO;
				DEBUG_INFORMATION_FORMAT = "dwarf-with-dsym";
				ENABLE_NS_ASSERTIONS = NO;
				ENABLE_STRICT_OBJC_MSGSEND = YES;
				GCC_C_LANGUAGE_STANDARD = gnu11;
				GCC_NO_COMMON_BLOCKS = YES;
				GCC_WARN_64_TO_32_BIT_CONVERSION = YES;
				GCC_WARN_ABOUT_RETURN_TYPE = YES_ERROR;
				GCC_WARN_UNDECLARED_SELECTOR = YES;
				GCC_WARN_UNINITIALIZED_AUTOS = YES_AGGRESSIVE;
				GCC_WARN_UNUSED_FUNCTION = YES;
				GCC_WARN_UNUSED_VARIABLE = YES;
				IPHONEOS_DEPLOYMENT_TARGET = 13.5;
				MTL_ENABLE_DEBUG_INFO = NO;
				MTL_FAST_MATH = YES;
				SDKROOT = iphoneos;
				SWIFT_COMPILATION_MODE = wholemodule;
				SWIFT_OPTIMIZATION_LEVEL = "-O";
				VALIDATE_PRODUCT = YES;
			};
			name = Release;
		};
		42A5166424C0B9880046799D /* Debug */ = {
			isa = XCBuildConfiguration;
			buildSettings = {
				ASSETCATALOG_COMPILER_APPICON_NAME = AppIcon;
				CODE_SIGN_STYLE = Automatic;
				DEVELOPMENT_TEAM = ZVKQ6JXF49;
				INFOPLIST_FILE = TestProgectMVP/Info.plist;
				LD_RUNPATH_SEARCH_PATHS = (
					"$(inherited)",
					"@executable_path/Frameworks",
				);
				PRODUCT_BUNDLE_IDENTIFIER = "-.TestProgectMVP";
				PRODUCT_NAME = "$(TARGET_NAME)";
				SWIFT_VERSION = 5.0;
				TARGETED_DEVICE_FAMILY = "1,2";
			};
			name = Debug;
		};
		42A5166524C0B9880046799D /* Release */ = {
			isa = XCBuildConfiguration;
			buildSettings = {
				ASSETCATALOG_COMPILER_APPICON_NAME = AppIcon;
				CODE_SIGN_STYLE = Automatic;
				DEVELOPMENT_TEAM = ZVKQ6JXF49;
				INFOPLIST_FILE = TestProgectMVP/Info.plist;
				LD_RUNPATH_SEARCH_PATHS = (
					"$(inherited)",
					"@executable_path/Frameworks",
				);
				PRODUCT_BUNDLE_IDENTIFIER = "-.TestProgectMVP";
				PRODUCT_NAME = "$(TARGET_NAME)";
				SWIFT_VERSION = 5.0;
				TARGETED_DEVICE_FAMILY = "1,2";
			};
			name = Release;
		};
		42A5166724C0B9880046799D /* Debug */ = {
			isa = XCBuildConfiguration;
			buildSettings = {
				ALWAYS_EMBED_SWIFT_STANDARD_LIBRARIES = YES;
				BUNDLE_LOADER = "$(TEST_HOST)";
				CODE_SIGN_STYLE = Automatic;
				DEVELOPMENT_TEAM = ZVKQ6JXF49;
				INFOPLIST_FILE = TestProgectMVPTests/Info.plist;
				IPHONEOS_DEPLOYMENT_TARGET = 13.5;
				LD_RUNPATH_SEARCH_PATHS = (
					"$(inherited)",
					"@executable_path/Frameworks",
					"@loader_path/Frameworks",
				);
				PRODUCT_BUNDLE_IDENTIFIER = "-.TestProgectMVPTests";
				PRODUCT_NAME = "$(TARGET_NAME)";
				SWIFT_VERSION = 5.0;
				TARGETED_DEVICE_FAMILY = "1,2";
				TEST_HOST = "$(BUILT_PRODUCTS_DIR)/TestProgectMVP.app/TestProgectMVP";
			};
			name = Debug;
		};
		42A5166824C0B9880046799D /* Release */ = {
			isa = XCBuildConfiguration;
			buildSettings = {
				ALWAYS_EMBED_SWIFT_STANDARD_LIBRARIES = YES;
				BUNDLE_LOADER = "$(TEST_HOST)";
				CODE_SIGN_STYLE = Automatic;
				DEVELOPMENT_TEAM = ZVKQ6JXF49;
				INFOPLIST_FILE = TestProgectMVPTests/Info.plist;
				IPHONEOS_DEPLOYMENT_TARGET = 13.5;
				LD_RUNPATH_SEARCH_PATHS = (
					"$(inherited)",
					"@executable_path/Frameworks",
					"@loader_path/Frameworks",
				);
				PRODUCT_BUNDLE_IDENTIFIER = "-.TestProgectMVPTests";
				PRODUCT_NAME = "$(TARGET_NAME)";
				SWIFT_VERSION = 5.0;
				TARGETED_DEVICE_FAMILY = "1,2";
				TEST_HOST = "$(BUILT_PRODUCTS_DIR)/TestProgectMVP.app/TestProgectMVP";
			};
			name = Release;
		};
		42A5166A24C0B9880046799D /* Debug */ = {
			isa = XCBuildConfiguration;
			buildSettings = {
				ALWAYS_EMBED_SWIFT_STANDARD_LIBRARIES = YES;
				CODE_SIGN_STYLE = Automatic;
				DEVELOPMENT_TEAM = ZVKQ6JXF49;
				INFOPLIST_FILE = TestProgectMVPUITests/Info.plist;
				LD_RUNPATH_SEARCH_PATHS = (
					"$(inherited)",
					"@executable_path/Frameworks",
					"@loader_path/Frameworks",
				);
				PRODUCT_BUNDLE_IDENTIFIER = "-.TestProgectMVPUITests";
				PRODUCT_NAME = "$(TARGET_NAME)";
				SWIFT_VERSION = 5.0;
				TARGETED_DEVICE_FAMILY = "1,2";
				TEST_TARGET_NAME = TestProgectMVP;
			};
			name = Debug;
		};
		42A5166B24C0B9880046799D /* Release */ = {
			isa = XCBuildConfiguration;
			buildSettings = {
				ALWAYS_EMBED_SWIFT_STANDARD_LIBRARIES = YES;
				CODE_SIGN_STYLE = Automatic;
				DEVELOPMENT_TEAM = ZVKQ6JXF49;
				INFOPLIST_FILE = TestProgectMVPUITests/Info.plist;
				LD_RUNPATH_SEARCH_PATHS = (
					"$(inherited)",
					"@executable_path/Frameworks",
					"@loader_path/Frameworks",
				);
				PRODUCT_BUNDLE_IDENTIFIER = "-.TestProgectMVPUITests";
				PRODUCT_NAME = "$(TARGET_NAME)";
				SWIFT_VERSION = 5.0;
				TARGETED_DEVICE_FAMILY = "1,2";
				TEST_TARGET_NAME = TestProgectMVP;
			};
			name = Release;
		};
/* End XCBuildConfiguration section */

/* Begin XCConfigurationList section */
		42A5163424C0B9860046799D /* Build configuration list for PBXProject "TestProgectMVP" */ = {
			isa = XCConfigurationList;
			buildConfigurations = (
				42A5166124C0B9880046799D /* Debug */,
				42A5166224C0B9880046799D /* Release */,
			);
			defaultConfigurationIsVisible = 0;
			defaultConfigurationName = Release;
		};
		42A5166324C0B9880046799D /* Build configuration list for PBXNativeTarget "TestProgectMVP" */ = {
			isa = XCConfigurationList;
			buildConfigurations = (
				42A5166424C0B9880046799D /* Debug */,
				42A5166524C0B9880046799D /* Release */,
			);
			defaultConfigurationIsVisible = 0;
			defaultConfigurationName = Release;
		};
		42A5166624C0B9880046799D /* Build configuration list for PBXNativeTarget "TestProgectMVPTests" */ = {
			isa = XCConfigurationList;
			buildConfigurations = (
				42A5166724C0B9880046799D /* Debug */,
				42A5166824C0B9880046799D /* Release */,
			);
			defaultConfigurationIsVisible = 0;
			defaultConfigurationName = Release;
		};
		42A5166924C0B9880046799D /* Build configuration list for PBXNativeTarget "TestProgectMVPUITests" */ = {
			isa = XCConfigurationList;
			buildConfigurations = (
				42A5166A24C0B9880046799D /* Debug */,
				42A5166B24C0B9880046799D /* Release */,
			);
			defaultConfigurationIsVisible = 0;
			defaultConfigurationName = Release;
		};
/* End XCConfigurationList section */
	};
	rootObject = 42A5163124C0B9860046799D /* Project object */;
}
